
Microsoft Visual Studio Solution File, Format Version 12.00
# Visual Studio 15
VisualStudioVersion = 15.0.26124.0
MinimumVisualStudioVersion = 15.0.26124.0
Project("{2150E333-8FDC-42A3-9474-1A3956D46DE8}") = "src", "src", "{312A2802-9517-47DE-9F5D-74B36DA2EA56}"
EndProject
Project("{F2A71F9B-5D33-465A-A702-920D77279786}") = "Feersum", "src\Feersum\Feersum.fsproj", "{2285F372-B4BF-4AB6-9E3F-B9CD045D09AD}"
EndProject
Project("{2150E333-8FDC-42A3-9474-1A3956D46DE8}") = "test", "test", "{E42EF9AF-5AA7-4545-AA43-F9AFE8EAD29D}"
EndProject
Project("{F2A71F9B-5D33-465A-A702-920D77279786}") = "Feersum.Tests", "test\Feersum.Tests\Feersum.Tests.fsproj", "{3B580A59-DD87-43CA-83F6-E4AB2AF02BC0}"
EndProject
Project("{FAE04EC0-301F-11D3-BF4B-00C04F79EFBC}") = "Serehfa", "src\Serehfa\Serehfa.csproj", "{758BFD01-1DB0-416F-AAA9-26211E9964E3}"
EndProject
Project("{FAE04EC0-301F-11D3-BF4B-00C04F79EFBC}") = "Feersum.Sdk", "src\Feersum.Sdk\Feersum.Sdk.proj", "{0D222BB0-CA5F-46BB-BD6F-4F14F3A50158}"
EndProject
Project("{2150E333-8FDC-42A3-9474-1A3956D46DE8}") = "examples", "examples", "{BC602DD7-9069-4015-8FA7-DC6D7E2D1D13}"
EndProject
Project("{B4FD8357-953D-49DE-A05E-DDBFD6E9489C}") = "HelloWorld", "examples\HelloWorld\HelloWorld.scmproj", "{39DDDF1F-79EE-4297-9953-F23DBE906AC6}"
EndProject
Project("{B4FD8357-953D-49DE-A05E-DDBFD6E9489C}") = "MultiFile", "examples\MultiFile\MultiFile.scmproj", "{96827337-9CAF-400F-AA95-FE7E2D91A113}"
EndProject
Project("{B4FD8357-953D-49DE-A05E-DDBFD6E9489C}") = "MultiProject", "examples\MultiProject\MultiProject.scmproj", "{C325FA08-33F2-4FDA-8212-E7E939A69DD9}"
EndProject
Project("{B4FD8357-953D-49DE-A05E-DDBFD6E9489C}") = "Feersum.Templates", "src\Feersum.Templates\Feersum.Templates.proj", "{60F97CC7-7DE6-49BC-AD8B-11A3C3A8531C}"
EndProject
Project("{B4FD8357-953D-49DE-A05E-DDBFD6E9489C}") = "Feersum.Core", "src\Feersum.Core\Feersum.Core.scmproj", "{9F359509-5A2A-4B16-A68B-CFE1984AE0EE}"
EndProject
Project("{F2A71F9B-5D33-465A-A702-920D77279786}") = "Feersum.CompilerServices", "src\Feersum.CompilerServices\Feersum.CompilerServices.fsproj", "{BFEAD4F4-D3B5-4118-84C1-D9618BF16AE1}"
EndProject
Project("{F2A71F9B-5D33-465A-A702-920D77279786}") = "Feersum.Stage1", "src\Feersum.Stage1\Feersum.Stage1.fsproj", "{789F28C0-2C4A-4DCE-8A31-E69DB1CF56DE}"
EndProject
Global
	GlobalSection(SolutionConfigurationPlatforms) = preSolution
		Debug|Any CPU = Debug|Any CPU
		Debug|x64 = Debug|x64
		Debug|x86 = Debug|x86
		Release|Any CPU = Release|Any CPU
		Release|x64 = Release|x64
		Release|x86 = Release|x86
	EndGlobalSection
	GlobalSection(SolutionProperties) = preSolution
		HideSolutionNode = FALSE
	EndGlobalSection
	GlobalSection(ProjectConfigurationPlatforms) = postSolution
		{2285F372-B4BF-4AB6-9E3F-B9CD045D09AD}.Debug|Any CPU.ActiveCfg = Debug|Any CPU
		{2285F372-B4BF-4AB6-9E3F-B9CD045D09AD}.Debug|Any CPU.Build.0 = Debug|Any CPU
		{2285F372-B4BF-4AB6-9E3F-B9CD045D09AD}.Debug|x64.ActiveCfg = Debug|Any CPU
		{2285F372-B4BF-4AB6-9E3F-B9CD045D09AD}.Debug|x64.Build.0 = Debug|Any CPU
		{2285F372-B4BF-4AB6-9E3F-B9CD045D09AD}.Debug|x86.ActiveCfg = Debug|Any CPU
		{2285F372-B4BF-4AB6-9E3F-B9CD045D09AD}.Debug|x86.Build.0 = Debug|Any CPU
		{2285F372-B4BF-4AB6-9E3F-B9CD045D09AD}.Release|Any CPU.ActiveCfg = Release|Any CPU
		{2285F372-B4BF-4AB6-9E3F-B9CD045D09AD}.Release|Any CPU.Build.0 = Release|Any CPU
		{2285F372-B4BF-4AB6-9E3F-B9CD045D09AD}.Release|x64.ActiveCfg = Release|Any CPU
		{2285F372-B4BF-4AB6-9E3F-B9CD045D09AD}.Release|x64.Build.0 = Release|Any CPU
		{2285F372-B4BF-4AB6-9E3F-B9CD045D09AD}.Release|x86.ActiveCfg = Release|Any CPU
		{2285F372-B4BF-4AB6-9E3F-B9CD045D09AD}.Release|x86.Build.0 = Release|Any CPU
		{3B580A59-DD87-43CA-83F6-E4AB2AF02BC0}.Debug|Any CPU.ActiveCfg = Debug|Any CPU
		{3B580A59-DD87-43CA-83F6-E4AB2AF02BC0}.Debug|Any CPU.Build.0 = Debug|Any CPU
		{3B580A59-DD87-43CA-83F6-E4AB2AF02BC0}.Debug|x64.ActiveCfg = Debug|Any CPU
		{3B580A59-DD87-43CA-83F6-E4AB2AF02BC0}.Debug|x64.Build.0 = Debug|Any CPU
		{3B580A59-DD87-43CA-83F6-E4AB2AF02BC0}.Debug|x86.ActiveCfg = Debug|Any CPU
		{3B580A59-DD87-43CA-83F6-E4AB2AF02BC0}.Debug|x86.Build.0 = Debug|Any CPU
		{3B580A59-DD87-43CA-83F6-E4AB2AF02BC0}.Release|Any CPU.ActiveCfg = Release|Any CPU
		{3B580A59-DD87-43CA-83F6-E4AB2AF02BC0}.Release|Any CPU.Build.0 = Release|Any CPU
		{3B580A59-DD87-43CA-83F6-E4AB2AF02BC0}.Release|x64.ActiveCfg = Release|Any CPU
		{3B580A59-DD87-43CA-83F6-E4AB2AF02BC0}.Release|x64.Build.0 = Release|Any CPU
		{3B580A59-DD87-43CA-83F6-E4AB2AF02BC0}.Release|x86.ActiveCfg = Release|Any CPU
		{3B580A59-DD87-43CA-83F6-E4AB2AF02BC0}.Release|x86.Build.0 = Release|Any CPU
		{758BFD01-1DB0-416F-AAA9-26211E9964E3}.Debug|Any CPU.ActiveCfg = Debug|Any CPU
		{758BFD01-1DB0-416F-AAA9-26211E9964E3}.Debug|Any CPU.Build.0 = Debug|Any CPU
		{758BFD01-1DB0-416F-AAA9-26211E9964E3}.Debug|x64.ActiveCfg = Debug|Any CPU
		{758BFD01-1DB0-416F-AAA9-26211E9964E3}.Debug|x64.Build.0 = Debug|Any CPU
		{758BFD01-1DB0-416F-AAA9-26211E9964E3}.Debug|x86.ActiveCfg = Debug|Any CPU
		{758BFD01-1DB0-416F-AAA9-26211E9964E3}.Debug|x86.Build.0 = Debug|Any CPU
		{758BFD01-1DB0-416F-AAA9-26211E9964E3}.Release|Any CPU.ActiveCfg = Release|Any CPU
		{758BFD01-1DB0-416F-AAA9-26211E9964E3}.Release|Any CPU.Build.0 = Release|Any CPU
		{758BFD01-1DB0-416F-AAA9-26211E9964E3}.Release|x64.ActiveCfg = Release|Any CPU
		{758BFD01-1DB0-416F-AAA9-26211E9964E3}.Release|x64.Build.0 = Release|Any CPU
		{758BFD01-1DB0-416F-AAA9-26211E9964E3}.Release|x86.ActiveCfg = Release|Any CPU
		{758BFD01-1DB0-416F-AAA9-26211E9964E3}.Release|x86.Build.0 = Release|Any CPU
		{0D222BB0-CA5F-46BB-BD6F-4F14F3A50158}.Debug|Any CPU.ActiveCfg = Debug|Any CPU
		{0D222BB0-CA5F-46BB-BD6F-4F14F3A50158}.Debug|Any CPU.Build.0 = Debug|Any CPU
		{0D222BB0-CA5F-46BB-BD6F-4F14F3A50158}.Debug|x64.ActiveCfg = Debug|Any CPU
		{0D222BB0-CA5F-46BB-BD6F-4F14F3A50158}.Debug|x64.Build.0 = Debug|Any CPU
		{0D222BB0-CA5F-46BB-BD6F-4F14F3A50158}.Debug|x86.ActiveCfg = Debug|Any CPU
		{0D222BB0-CA5F-46BB-BD6F-4F14F3A50158}.Debug|x86.Build.0 = Debug|Any CPU
		{0D222BB0-CA5F-46BB-BD6F-4F14F3A50158}.Release|Any CPU.ActiveCfg = Release|Any CPU
		{0D222BB0-CA5F-46BB-BD6F-4F14F3A50158}.Release|Any CPU.Build.0 = Release|Any CPU
		{0D222BB0-CA5F-46BB-BD6F-4F14F3A50158}.Release|x64.ActiveCfg = Release|Any CPU
		{0D222BB0-CA5F-46BB-BD6F-4F14F3A50158}.Release|x64.Build.0 = Release|Any CPU
		{0D222BB0-CA5F-46BB-BD6F-4F14F3A50158}.Release|x86.ActiveCfg = Release|Any CPU
		{0D222BB0-CA5F-46BB-BD6F-4F14F3A50158}.Release|x86.Build.0 = Release|Any CPU
		{39DDDF1F-79EE-4297-9953-F23DBE906AC6}.Debug|Any CPU.ActiveCfg = Debug|Any CPU
		{39DDDF1F-79EE-4297-9953-F23DBE906AC6}.Debug|Any CPU.Build.0 = Debug|Any CPU
		{39DDDF1F-79EE-4297-9953-F23DBE906AC6}.Debug|x64.ActiveCfg = Debug|Any CPU
		{39DDDF1F-79EE-4297-9953-F23DBE906AC6}.Debug|x64.Build.0 = Debug|Any CPU
		{39DDDF1F-79EE-4297-9953-F23DBE906AC6}.Debug|x86.ActiveCfg = Debug|Any CPU
		{39DDDF1F-79EE-4297-9953-F23DBE906AC6}.Debug|x86.Build.0 = Debug|Any CPU
		{39DDDF1F-79EE-4297-9953-F23DBE906AC6}.Release|Any CPU.ActiveCfg = Release|Any CPU
		{39DDDF1F-79EE-4297-9953-F23DBE906AC6}.Release|Any CPU.Build.0 = Release|Any CPU
		{39DDDF1F-79EE-4297-9953-F23DBE906AC6}.Release|x64.ActiveCfg = Release|Any CPU
		{39DDDF1F-79EE-4297-9953-F23DBE906AC6}.Release|x64.Build.0 = Release|Any CPU
		{39DDDF1F-79EE-4297-9953-F23DBE906AC6}.Release|x86.ActiveCfg = Release|Any CPU
		{39DDDF1F-79EE-4297-9953-F23DBE906AC6}.Release|x86.Build.0 = Release|Any CPU
		{96827337-9CAF-400F-AA95-FE7E2D91A113}.Debug|Any CPU.ActiveCfg = Debug|Any CPU
		{96827337-9CAF-400F-AA95-FE7E2D91A113}.Debug|Any CPU.Build.0 = Debug|Any CPU
		{96827337-9CAF-400F-AA95-FE7E2D91A113}.Debug|x64.ActiveCfg = Debug|Any CPU
		{96827337-9CAF-400F-AA95-FE7E2D91A113}.Debug|x64.Build.0 = Debug|Any CPU
		{96827337-9CAF-400F-AA95-FE7E2D91A113}.Debug|x86.ActiveCfg = Debug|Any CPU
		{96827337-9CAF-400F-AA95-FE7E2D91A113}.Debug|x86.Build.0 = Debug|Any CPU
		{96827337-9CAF-400F-AA95-FE7E2D91A113}.Release|Any CPU.ActiveCfg = Release|Any CPU
		{96827337-9CAF-400F-AA95-FE7E2D91A113}.Release|Any CPU.Build.0 = Release|Any CPU
		{96827337-9CAF-400F-AA95-FE7E2D91A113}.Release|x64.ActiveCfg = Release|Any CPU
		{96827337-9CAF-400F-AA95-FE7E2D91A113}.Release|x64.Build.0 = Release|Any CPU
		{96827337-9CAF-400F-AA95-FE7E2D91A113}.Release|x86.ActiveCfg = Release|Any CPU
		{96827337-9CAF-400F-AA95-FE7E2D91A113}.Release|x86.Build.0 = Release|Any CPU
		{C325FA08-33F2-4FDA-8212-E7E939A69DD9}.Debug|Any CPU.ActiveCfg = Debug|Any CPU
		{C325FA08-33F2-4FDA-8212-E7E939A69DD9}.Debug|Any CPU.Build.0 = Debug|Any CPU
		{C325FA08-33F2-4FDA-8212-E7E939A69DD9}.Debug|x64.ActiveCfg = Debug|Any CPU
		{C325FA08-33F2-4FDA-8212-E7E939A69DD9}.Debug|x64.Build.0 = Debug|Any CPU
		{C325FA08-33F2-4FDA-8212-E7E939A69DD9}.Debug|x86.ActiveCfg = Debug|Any CPU
		{C325FA08-33F2-4FDA-8212-E7E939A69DD9}.Debug|x86.Build.0 = Debug|Any CPU
		{C325FA08-33F2-4FDA-8212-E7E939A69DD9}.Release|Any CPU.ActiveCfg = Release|Any CPU
		{C325FA08-33F2-4FDA-8212-E7E939A69DD9}.Release|Any CPU.Build.0 = Release|Any CPU
		{C325FA08-33F2-4FDA-8212-E7E939A69DD9}.Release|x64.ActiveCfg = Release|Any CPU
		{C325FA08-33F2-4FDA-8212-E7E939A69DD9}.Release|x64.Build.0 = Release|Any CPU
		{C325FA08-33F2-4FDA-8212-E7E939A69DD9}.Release|x86.ActiveCfg = Release|Any CPU
		{C325FA08-33F2-4FDA-8212-E7E939A69DD9}.Release|x86.Build.0 = Release|Any CPU
		{60F97CC7-7DE6-49BC-AD8B-11A3C3A8531C}.Debug|Any CPU.ActiveCfg = Debug|Any CPU
		{60F97CC7-7DE6-49BC-AD8B-11A3C3A8531C}.Debug|Any CPU.Build.0 = Debug|Any CPU
		{60F97CC7-7DE6-49BC-AD8B-11A3C3A8531C}.Debug|x64.ActiveCfg = Debug|Any CPU
		{60F97CC7-7DE6-49BC-AD8B-11A3C3A8531C}.Debug|x64.Build.0 = Debug|Any CPU
		{60F97CC7-7DE6-49BC-AD8B-11A3C3A8531C}.Debug|x86.ActiveCfg = Debug|Any CPU
		{60F97CC7-7DE6-49BC-AD8B-11A3C3A8531C}.Debug|x86.Build.0 = Debug|Any CPU
		{60F97CC7-7DE6-49BC-AD8B-11A3C3A8531C}.Release|Any CPU.ActiveCfg = Release|Any CPU
		{60F97CC7-7DE6-49BC-AD8B-11A3C3A8531C}.Release|Any CPU.Build.0 = Release|Any CPU
		{60F97CC7-7DE6-49BC-AD8B-11A3C3A8531C}.Release|x64.ActiveCfg = Release|Any CPU
		{60F97CC7-7DE6-49BC-AD8B-11A3C3A8531C}.Release|x64.Build.0 = Release|Any CPU
		{60F97CC7-7DE6-49BC-AD8B-11A3C3A8531C}.Release|x86.ActiveCfg = Release|Any CPU
		{60F97CC7-7DE6-49BC-AD8B-11A3C3A8531C}.Release|x86.Build.0 = Release|Any CPU
		{9F359509-5A2A-4B16-A68B-CFE1984AE0EE}.Debug|Any CPU.ActiveCfg = Debug|Any CPU
		{9F359509-5A2A-4B16-A68B-CFE1984AE0EE}.Debug|Any CPU.Build.0 = Debug|Any CPU
		{9F359509-5A2A-4B16-A68B-CFE1984AE0EE}.Debug|x64.ActiveCfg = Debug|Any CPU
		{9F359509-5A2A-4B16-A68B-CFE1984AE0EE}.Debug|x64.Build.0 = Debug|Any CPU
		{9F359509-5A2A-4B16-A68B-CFE1984AE0EE}.Debug|x86.ActiveCfg = Debug|Any CPU
		{9F359509-5A2A-4B16-A68B-CFE1984AE0EE}.Debug|x86.Build.0 = Debug|Any CPU
		{9F359509-5A2A-4B16-A68B-CFE1984AE0EE}.Release|Any CPU.ActiveCfg = Release|Any CPU
		{9F359509-5A2A-4B16-A68B-CFE1984AE0EE}.Release|Any CPU.Build.0 = Release|Any CPU
		{9F359509-5A2A-4B16-A68B-CFE1984AE0EE}.Release|x64.ActiveCfg = Release|Any CPU
		{9F359509-5A2A-4B16-A68B-CFE1984AE0EE}.Release|x64.Build.0 = Release|Any CPU
		{9F359509-5A2A-4B16-A68B-CFE1984AE0EE}.Release|x86.ActiveCfg = Release|Any CPU
		{9F359509-5A2A-4B16-A68B-CFE1984AE0EE}.Release|x86.Build.0 = Release|Any CPU
		{BFEAD4F4-D3B5-4118-84C1-D9618BF16AE1}.Debug|Any CPU.ActiveCfg = Debug|Any CPU
		{BFEAD4F4-D3B5-4118-84C1-D9618BF16AE1}.Debug|Any CPU.Build.0 = Debug|Any CPU
		{BFEAD4F4-D3B5-4118-84C1-D9618BF16AE1}.Debug|x64.ActiveCfg = Debug|Any CPU
		{BFEAD4F4-D3B5-4118-84C1-D9618BF16AE1}.Debug|x64.Build.0 = Debug|Any CPU
		{BFEAD4F4-D3B5-4118-84C1-D9618BF16AE1}.Debug|x86.ActiveCfg = Debug|Any CPU
		{BFEAD4F4-D3B5-4118-84C1-D9618BF16AE1}.Debug|x86.Build.0 = Debug|Any CPU
		{BFEAD4F4-D3B5-4118-84C1-D9618BF16AE1}.Release|Any CPU.ActiveCfg = Release|Any CPU
		{BFEAD4F4-D3B5-4118-84C1-D9618BF16AE1}.Release|Any CPU.Build.0 = Release|Any CPU
		{BFEAD4F4-D3B5-4118-84C1-D9618BF16AE1}.Release|x64.ActiveCfg = Release|Any CPU
		{BFEAD4F4-D3B5-4118-84C1-D9618BF16AE1}.Release|x64.Build.0 = Release|Any CPU
		{BFEAD4F4-D3B5-4118-84C1-D9618BF16AE1}.Release|x86.ActiveCfg = Release|Any CPU
		{BFEAD4F4-D3B5-4118-84C1-D9618BF16AE1}.Release|x86.Build.0 = Release|Any CPU
		{789F28C0-2C4A-4DCE-8A31-E69DB1CF56DE}.Debug|Any CPU.ActiveCfg = Debug|Any CPU
		{789F28C0-2C4A-4DCE-8A31-E69DB1CF56DE}.Debug|Any CPU.Build.0 = Debug|Any CPU
		{789F28C0-2C4A-4DCE-8A31-E69DB1CF56DE}.Debug|x64.ActiveCfg = Debug|Any CPU
		{789F28C0-2C4A-4DCE-8A31-E69DB1CF56DE}.Debug|x64.Build.0 = Debug|Any CPU
		{789F28C0-2C4A-4DCE-8A31-E69DB1CF56DE}.Debug|x86.ActiveCfg = Debug|Any CPU
		{789F28C0-2C4A-4DCE-8A31-E69DB1CF56DE}.Debug|x86.Build.0 = Debug|Any CPU
		{789F28C0-2C4A-4DCE-8A31-E69DB1CF56DE}.Release|Any CPU.ActiveCfg = Release|Any CPU
		{789F28C0-2C4A-4DCE-8A31-E69DB1CF56DE}.Release|Any CPU.Build.0 = Release|Any CPU
		{789F28C0-2C4A-4DCE-8A31-E69DB1CF56DE}.Release|x64.ActiveCfg = Release|Any CPU
		{789F28C0-2C4A-4DCE-8A31-E69DB1CF56DE}.Release|x64.Build.0 = Release|Any CPU
		{789F28C0-2C4A-4DCE-8A31-E69DB1CF56DE}.Release|x86.ActiveCfg = Release|Any CPU
		{789F28C0-2C4A-4DCE-8A31-E69DB1CF56DE}.Release|x86.Build.0 = Release|Any CPU
	EndGlobalSection
	GlobalSection(NestedProjects) = preSolution
		{2285F372-B4BF-4AB6-9E3F-B9CD045D09AD} = {312A2802-9517-47DE-9F5D-74B36DA2EA56}
		{3B580A59-DD87-43CA-83F6-E4AB2AF02BC0} = {E42EF9AF-5AA7-4545-AA43-F9AFE8EAD29D}
		{758BFD01-1DB0-416F-AAA9-26211E9964E3} = {312A2802-9517-47DE-9F5D-74B36DA2EA56}
		{0D222BB0-CA5F-46BB-BD6F-4F14F3A50158} = {312A2802-9517-47DE-9F5D-74B36DA2EA56}
		{39DDDF1F-79EE-4297-9953-F23DBE906AC6} = {BC602DD7-9069-4015-8FA7-DC6D7E2D1D13}
		{96827337-9CAF-400F-AA95-FE7E2D91A113} = {BC602DD7-9069-4015-8FA7-DC6D7E2D1D13}
		{C325FA08-33F2-4FDA-8212-E7E939A69DD9} = {BC602DD7-9069-4015-8FA7-DC6D7E2D1D13}
		{60F97CC7-7DE6-49BC-AD8B-11A3C3A8531C} = {312A2802-9517-47DE-9F5D-74B36DA2EA56}
		{9F359509-5A2A-4B16-A68B-CFE1984AE0EE} = {312A2802-9517-47DE-9F5D-74B36DA2EA56}
		{BFEAD4F4-D3B5-4118-84C1-D9618BF16AE1} = {312A2802-9517-47DE-9F5D-74B36DA2EA56}
		{789F28C0-2C4A-4DCE-8A31-E69DB1CF56DE} = {312A2802-9517-47DE-9F5D-74B36DA2EA56}
	EndGlobalSection
EndGlobal
